
Microsoft Visual Studio Solution File, Format Version 12.00
# Visual Studio Version 16
VisualStudioVersion = 16.0.31129.286
MinimumVisualStudioVersion = 10.0.40219.1
Project("{9A19103F-16F7-4668-BE54-9A1E7A4F7556}") = "DataAccess", "DataAccess\DataAccess.csproj", "{10411D1B-BB21-47F2-808B-28B64C5CA87E}"
EndProject
Project("{9A19103F-16F7-4668-BE54-9A1E7A4F7556}") = "Business", "Business\Business.csproj", "{F006E080-A0D4-4DBF-B3C0-A5CCAA281E60}"
EndProject
Project("{9A19103F-16F7-4668-BE54-9A1E7A4F7556}") = "Entities", "Entities\Entities.csproj", "{83084D37-A3C0-443D-AB0D-46AF727BE55A}"
EndProject
Project("{9A19103F-16F7-4668-BE54-9A1E7A4F7556}") = "ConsoleUI", "ConsoleUI\ConsoleUI.csproj", "{31E5B7B4-4F86-4DF4-A1E6-3880B5C7BAE2}"
EndProject
Project("{9A19103F-16F7-4668-BE54-9A1E7A4F7556}") = "Core", "Core\Core.csproj", "{F2CD698A-229D-4690-B7B6-FAC215EC744A}"
EndProject
Project("{FAE04EC0-301F-11D3-BF4B-00C04F79EFBC}") = "WebAPI", "WebAPI\WebAPI.csproj", "{B0DD76F1-0D2E-4972-8A96-66D7CFEE46DD}"
EndProject
Global
	GlobalSection(SolutionConfigurationPlatforms) = preSolution
		Debug|Any CPU = Debug|Any CPU
		Release|Any CPU = Release|Any CPU
	EndGlobalSection
	GlobalSection(ProjectConfigurationPlatforms) = postSolution
		{10411D1B-BB21-47F2-808B-28B64C5CA87E}.Debug|Any CPU.ActiveCfg = Debug|Any CPU
		{10411D1B-BB21-47F2-808B-28B64C5CA87E}.Debug|Any CPU.Build.0 = Debug|Any CPU
		{10411D1B-BB21-47F2-808B-28B64C5CA87E}.Release|Any CPU.ActiveCfg = Release|Any CPU
		{10411D1B-BB21-47F2-808B-28B64C5CA87E}.Release|Any CPU.Build.0 = Release|Any CPU
		{F006E080-A0D4-4DBF-B3C0-A5CCAA281E60}.Debug|Any CPU.ActiveCfg = Debug|Any CPU
		{F006E080-A0D4-4DBF-B3C0-A5CCAA281E60}.Debug|Any CPU.Build.0 = Debug|Any CPU
		{F006E080-A0D4-4DBF-B3C0-A5CCAA281E60}.Release|Any CPU.ActiveCfg = Release|Any CPU
		{F006E080-A0D4-4DBF-B3C0-A5CCAA281E60}.Release|Any CPU.Build.0 = Release|Any CPU
		{83084D37-A3C0-443D-AB0D-46AF727BE55A}.Debug|Any CPU.ActiveCfg = Debug|Any CPU
		{83084D37-A3C0-443D-AB0D-46AF727BE55A}.Debug|Any CPU.Build.0 = Debug|Any CPU
		{83084D37-A3C0-443D-AB0D-46AF727BE55A}.Release|Any CPU.ActiveCfg = Release|Any CPU
		{83084D37-A3C0-443D-AB0D-46AF727BE55A}.Release|Any CPU.Build.0 = Release|Any CPU
		{31E5B7B4-4F86-4DF4-A1E6-3880B5C7BAE2}.Debug|Any CPU.ActiveCfg = Debug|Any CPU
		{31E5B7B4-4F86-4DF4-A1E6-3880B5C7BAE2}.Debug|Any CPU.Build.0 = Debug|Any CPU
		{31E5B7B4-4F86-4DF4-A1E6-3880B5C7BAE2}.Release|Any CPU.ActiveCfg = Release|Any CPU
		{31E5B7B4-4F86-4DF4-A1E6-3880B5C7BAE2}.Release|Any CPU.Build.0 = Release|Any CPU
		{F2CD698A-229D-4690-B7B6-FAC215EC744A}.Debug|Any CPU.ActiveCfg = Debug|Any CPU
		{F2CD698A-229D-4690-B7B6-FAC215EC744A}.Debug|Any CPU.Build.0 = Debug|Any CPU
		{F2CD698A-229D-4690-B7B6-FAC215EC744A}.Release|Any CPU.ActiveCfg = Release|Any CPU
		{F2CD698A-229D-4690-B7B6-FAC215EC744A}.Release|Any CPU.Build.0 = Release|Any CPU
		{B0DD76F1-0D2E-4972-8A96-66D7CFEE46DD}.Debug|Any CPU.ActiveCfg = Debug|Any CPU
		{B0DD76F1-0D2E-4972-8A96-66D7CFEE46DD}.Debug|Any CPU.Build.0 = Debug|Any CPU
		{B0DD76F1-0D2E-4972-8A96-66D7CFEE46DD}.Release|Any CPU.ActiveCfg = Release|Any CPU
		{B0DD76F1-0D2E-4972-8A96-66D7CFEE46DD}.Release|Any CPU.Build.0 = Release|Any CPU
	EndGlobalSection
	GlobalSection(SolutionProperties) = preSolution
		HideSolutionNode = FALSE
	EndGlobalSection
	GlobalSection(ExtensibilityGlobals) = postSolution
		SolutionGuid = {20200524-A74E-4667-954A-8CA56EF139B2}
	EndGlobalSection
EndGlobal
